packages:
  - name: dbt_utils
    package: dbt-labs/dbt_utils
    version: 1.1.1
  - name: dbt_date
    package: godatadriven/dbt_date
    version: 0.10.0
  - git: https://github.com/dbt-labs/dbt-audit-helper.git
    name: audit_helper
    revision: acc7cad15a9a5cd0c2a928fafb888cffd135790e
  - name: dbt_meta_testing
    package: tnightengale/dbt_meta_testing
    version: 0.3.6
sha1_hash: 33eb7392e444f05b30979de2eea9012030b84c9f
